# @generated by Move, please check-in and do not edit manually.

[move]
version = 3
manifest_digest = "12CD8950C90302BA55E9B52488C39C99632598BCB5C14B4EA45F7E7E2042754C"
deps_digest = "F9B494B64F0615AED0E98FC12A85B85ECD2BC5185C22D30E7F67786BB52E507C"
dependencies = [
  { id = "Bridge", name = "Bridge" },
  { id = "MoveStdlib", name = "MoveStdlib" },
  { id = "Sui", name = "Sui" },
  { id = "SuiSystem", name = "SuiSystem" },
]

[[move.package]]
id = "Bridge"
source = { git = "https://github.com/MystenLabs/sui.git", rev = "d75fae3aa7fa3545b5803980a1e0c965b8bbf48e", subdir = "crates/sui-framework/packages/bridge" }

dependencies = [
  { id = "MoveStdlib", name = "MoveStdlib" },
  { id = "Sui", name = "Sui" },
  { id = "SuiSystem", name = "SuiSystem" },
]

[[move.package]]
id = "MoveStdlib"
source = { git = "https://github.com/MystenLabs/sui.git", rev = "d75fae3aa7fa3545b5803980a1e0c965b8bbf48e", subdir = "crates/sui-framework/packages/move-stdlib" }

[[move.package]]
id = "Sui"
source = { git = "https://github.com/MystenLabs/sui.git", rev = "d75fae3aa7fa3545b5803980a1e0c965b8bbf48e", subdir = "crates/sui-framework/packages/sui-framework" }

dependencies = [
  { id = "MoveStdlib", name = "MoveStdlib" },
]

[[move.package]]
id = "SuiSystem"
source = { git = "https://github.com/MystenLabs/sui.git", rev = "d75fae3aa7fa3545b5803980a1e0c965b8bbf48e", subdir = "crates/sui-framework/packages/sui-system" }

dependencies = [
  { id = "MoveStdlib", name = "MoveStdlib" },
  { id = "Sui", name = "Sui" },
]

[move.toolchain-version]
compiler-version = "1.60.0"
edition = "2024.beta"
flavor = "sui"

[env]

[env.devnet]
chain-id = "eaa01338"
original-published-id = "0x610bf90e7028bde0d6d8fdca801c10b9cfb01d4ba9e3ddc9c842c85e79130893"
latest-published-id = "0x610bf90e7028bde0d6d8fdca801c10b9cfb01d4ba9e3ddc9c842c85e79130893"
published-version = "1"

[env.testnet]
chain-id = "4c78adac"
original-published-id = "0xb1e823e6b9ce2185cef9cd9cbbacaaa8620ec8ab1e59335740fc835f41842719"
latest-published-id = "0xb1e823e6b9ce2185cef9cd9cbbacaaa8620ec8ab1e59335740fc835f41842719"
published-version = "1"
